[ "bcrypt": {:git, "git://github.com/opscode/erlang-bcrypt.git", "7515e80a5e16f62aef149709f6cc09995dd480be", []},
  "cowboy": {:git, "git://github.com/extend/cowboy.git", "239e5e0ba7f413642aca3cf2735f0709a643fb8e", []},
  "cowlib": {:git, "git://github.com/extend/cowlib.git", "0d4ece08a7cce90a07cf33d4edad29bc324c7d90", [ref: "0.5.1"]},
  "decimal": {:git, "git://github.com/ericmj/decimal.git", "ab1b6637aac1eabce5dc5a57290b5366878c2e84", []},
  "ecto": {:git, "git://github.com/elixir-lang/ecto.git", "0e4e5860ad84df3baf2925b1de5e7c8d1c8b17a9", []},
  "hex_web": {:git, "git://github.com/ericmj/hex_web.git", "2f29ce139d47d4dc71afd0c85422b630451c3e8c", []},
  "jazz": {:git, "git://github.com/meh/jazz.git", "c502fc3894249d677f0546bc02a9b866d5d32afa", []},
  "mime": {:git, "git://github.com/dynamo/mime.git", "db84370c53a67a7e58a4d0cfb026f4edc64a9367", []},
  "plug": {:git, "git://github.com/elixir-lang/plug.git", "c735ee21ab8384ab47ac27feb56cc509641fdc6d", []},
  "poolboy": {:git, "git://github.com/devinus/poolboy.git", "64e1eaef0b1e88849c7e7ba9ff75f8cd4dba2a3b", []},
  "postgrex": {:git, "git://github.com/ericmj/postgrex.git", "4333cc5d6f99e4ebbe1d1bf569574d1f5fd3bd4a", []},
  "ranch": {:git, "git://github.com/extend/ranch.git", "5df1f222f94e08abdcab7084f5e13027143cc222", [ref: "0.9.0"]} ]
